{
  "object": {
    "pins": [
      {
        "package": "Alamofire",
        "repositoryURL": "https://github.com/Alamofire/Alamofire.git",
        "state": {
          "branch": null,
          "revision": "eaf6e622dd41b07b251d8f01752eab31bc811493",
          "version": "5.4.1"
        }
      },
      {
        "package": "FNMNetwork",
        "repositoryURL": "https://github.com/Fatemeh1994/FNMNetwork",
        "state": {
          "branch": "main",
          "revision": "759433c69030b108823223deafd3f758871dd3f4",
          "version": null
        }
      },
      {
        "package": "Kingfisher",
        "repositoryURL": "https://github.com/onevcat/Kingfisher",
        "state": {
          "branch": null,
          "revision": "daebf8ddf974164d1b9a050c8231e263f3106b09",
          "version": "6.1.0"
        }
      }
    ]
  },
  "version": 1
}
